// !$*UTF8*$!
{
	archiveVersion = 1;
	classes = {
	};
	objectVersion = 56;
	objects = {

/* Begin PBXBuildFile section */
		1F3F33B529AC4E7E009C86DA /* AppDelegate.m in Sources */ = {isa = PBXBuildFile; fileRef = 1F3F33B429AC4E7E009C86DA /* AppDelegate.m */; };
		1F3F33B829AC4E7E009C86DA /* SceneDelegate.m in Sources */ = {isa = PBXBuildFile; fileRef = 1F3F33B729AC4E7E009C86DA /* SceneDelegate.m */; };
		1F3F33BB29AC4E7E009C86DA /* ViewController.m in Sources */ = {isa = PBXBuildFile; fileRef = 1F3F33BA29AC4E7E009C86DA /* ViewController.m */; };
		1F3F33BE29AC4E7E009C86DA /* Main.storyboard in Resources */ = {isa = PBXBuildFile; fileRef = 1F3F33BC29AC4E7E009C86DA /* Main.storyboard */; };
		1F3F33C029AC4E7F009C86DA /* Assets.xcassets in Resources */ = {isa = PBXBuildFile; fileRef = 1F3F33BF29AC4E7F009C86DA /* Assets.xcassets */; };
		1F3F33C329AC4E7F009C86DA /* LaunchScreen.storyboard in Resources */ = {isa = PBXBuildFile; fileRef = 1F3F33C129AC4E7F009C86DA /* LaunchScreen.storyboard */; };
		1F3F33C629AC4E7F009C86DA /* main.m in Sources */ = {isa = PBXBuildFile; fileRef = 1F3F33C529AC4E7F009C86DA /* main.m */; };
		1F3F33D129AC4EA5009C86DA /* MyView.m in Sources */ = {isa = PBXBuildFile; fileRef = 1F3F33D029AC4EA5009C86DA /* MyView.m */; };
		1F8D064529BDEB600067B92F /* FirstDemoViewController.m in Sources */ = {isa = PBXBuildFile; fileRef = 1F8D064429BDEB600067B92F /* FirstDemoViewController.m */; };
		1F8D064829BDEBE00067B92F /* ChildViewController.m in Sources */ = {isa = PBXBuildFile; fileRef = 1F8D064729BDEBE00067B92F /* ChildViewController.m */; };
		1F8D064B29BE02850067B92F /* SecondDemoViewController.m in Sources */ = {isa = PBXBuildFile; fileRef = 1F8D064A29BE02850067B92F /* SecondDemoViewController.m */; };
		1F8D064E29BE06410067B92F /* ThirdDemoViewController.m in Sources */ = {isa = PBXBuildFile; fileRef = 1F8D064D29BE06410067B92F /* ThirdDemoViewController.m */; };
		1F8D065129BE13D40067B92F /* FourthDemoViewController.m in Sources */ = {isa = PBXBuildFile; fileRef = 1F8D065029BE13D40067B92F /* FourthDemoViewController.m */; };
/* End PBXBuildFile section */

/* Begin PBXFileReference section */
		1F3F33B029AC4E7E009C86DA /* ResponderDemo.app */ = {isa = PBXFileReference; explicitFileType = wrapper.application; includeInIndex = 0; path = ResponderDemo.app; sourceTree = BUILT_PRODUCTS_DIR; };
		1F3F33B329AC4E7E009C86DA /* AppDelegate.h */ = {isa = PBXFileReference; lastKnownFileType = sourcecode.c.h; path = AppDelegate.h; sourceTree = "<group>"; };
		1F3F33B429AC4E7E009C86DA /* AppDelegate.m */ = {isa = PBXFileReference; lastKnownFileType = sourcecode.c.objc; path = AppDelegate.m; sourceTree = "<group>"; };
		1F3F33B629AC4E7E009C86DA /* SceneDelegate.h */ = {isa = PBXFileReference; lastKnownFileType = sourcecode.c.h; path = SceneDelegate.h; sourceTree = "<group>"; };
		1F3F33B729AC4E7E009C86DA /* SceneDelegate.m */ = {isa = PBXFileReference; lastKnownFileType = sourcecode.c.objc; path = SceneDelegate.m; sourceTree = "<group>"; };
		1F3F33B929AC4E7E009C86DA /* ViewController.h */ = {isa = PBXFileReference; lastKnownFileType = sourcecode.c.h; path = ViewController.h; sourceTree = "<group>"; };
		1F3F33BA29AC4E7E009C86DA /* ViewController.m */ = {isa = PBXFileReference; lastKnownFileType = sourcecode.c.objc; path = ViewController.m; sourceTree = "<group>"; };
		1F3F33BD29AC4E7E009C86DA /* Base */ = {isa = PBXFileReference; lastKnownFileType = file.storyboard; name = Base; path = Base.lproj/Main.storyboard; sourceTree = "<group>"; };
		1F3F33BF29AC4E7F009C86DA /* Assets.xcassets */ = {isa = PBXFileReference; lastKnownFileType = folder.assetcatalog; path = Assets.xcassets; sourceTree = "<group>"; };
		1F3F33C229AC4E7F009C86DA /* Base */ = {isa = PBXFileReference; lastKnownFileType = file.storyboard; name = Base; path = Base.lproj/LaunchScreen.storyboard; sourceTree = "<group>"; };
		1F3F33C429AC4E7F009C86DA /* Info.plist */ = {isa = PBXFileReference; lastKnownFileType = text.plist.xml; path = Info.plist; sourceTree = "<group>"; };
		1F3F33C529AC4E7F009C86DA /* main.m */ = {isa = PBXFileReference; lastKnownFileType = sourcecode.c.objc; path = main.m; sourceTree = "<group>"; };
		1F3F33CF29AC4EA5009C86DA /* MyView.h */ = {isa = PBXFileReference; lastKnownFileType = sourcecode.c.h; path = MyView.h; sourceTree = "<group>"; };
		1F3F33D029AC4EA5009C86DA /* MyView.m */ = {isa = PBXFileReference; lastKnownFileType = sourcecode.c.objc; path = MyView.m; sourceTree = "<group>"; };
		1F8D064329BDEB600067B92F /* FirstDemoViewController.h */ = {isa = PBXFileReference; lastKnownFileType = sourcecode.c.h; path = FirstDemoViewController.h; sourceTree = "<group>"; };
		1F8D064429BDEB600067B92F /* FirstDemoViewController.m */ = {isa = PBXFileReference; lastKnownFileType = sourcecode.c.objc; path = FirstDemoViewController.m; sourceTree = "<group>"; };
		1F8D064629BDEBE00067B92F /* ChildViewController.h */ = {isa = PBXFileReference; lastKnownFileType = sourcecode.c.h; path = ChildViewController.h; sourceTree = "<group>"; };
		1F8D064729BDEBE00067B92F /* ChildViewController.m */ = {isa = PBXFileReference; lastKnownFileType = sourcecode.c.objc; path = ChildViewController.m; sourceTree = "<group>"; };
		1F8D064929BE02850067B92F /* SecondDemoViewController.h */ = {isa = PBXFileReference; lastKnownFileType = sourcecode.c.h; path = SecondDemoViewController.h; sourceTree = "<group>"; };
		1F8D064A29BE02850067B92F /* SecondDemoViewController.m */ = {isa = PBXFileReference; lastKnownFileType = sourcecode.c.objc; path = SecondDemoViewController.m; sourceTree = "<group>"; };
		1F8D064C29BE06410067B92F /* ThirdDemoViewController.h */ = {isa = PBXFileReference; lastKnownFileType = sourcecode.c.h; path = ThirdDemoViewController.h; sourceTree = "<group>"; };
		1F8D064D29BE06410067B92F /* ThirdDemoViewController.m */ = {isa = PBXFileReference; lastKnownFileType = sourcecode.c.objc; path = ThirdDemoViewController.m; sourceTree = "<group>"; };
		1F8D064F29BE13D40067B92F /* FourthDemoViewController.h */ = {isa = PBXFileReference; lastKnownFileType = sourcecode.c.h; path = FourthDemoViewController.h; sourceTree = "<group>"; };
		1F8D065029BE13D40067B92F /* FourthDemoViewController.m */ = {isa = PBXFileReference; lastKnownFileType = sourcecode.c.objc; path = FourthDemoViewController.m; sourceTree = "<group>"; };
/* End PBXFileReference section */

/* Begin PBXFrameworksBuildPhase section */
		1F3F33AD29AC4E7E009C86DA /* Frameworks */ = {
			isa = PBXFrameworksBuildPhase;
			buildActionMask = 2147483647;
			files = (
			);
			runOnlyForDeploymentPostprocessing = 0;
		};
/* End PBXFrameworksBuildPhase section */

/* Begin PBXGroup section */
		1F3F33A729AC4E7E009C86DA = {
			isa = PBXGroup;
			children = (
				1F3F33B229AC4E7E009C86DA /* ResponderDemo */,
				1F3F33B129AC4E7E009C86DA /* Products */,
			);
			sourceTree = "<group>";
		};
		1F3F33B129AC4E7E009C86DA /* Products */ = {
			isa = PBXGroup;
			children = (
				1F3F33B029AC4E7E009C86DA /* ResponderDemo.app */,
			);
			name = Products;
			sourceTree = "<group>";
		};
		1F3F33B229AC4E7E009C86DA /* ResponderDemo */ = {
			isa = PBXGroup;
			children = (
				1F3F33B329AC4E7E009C86DA /* AppDelegate.h */,
				1F3F33B429AC4E7E009C86DA /* AppDelegate.m */,
				1F3F33B629AC4E7E009C86DA /* SceneDelegate.h */,
				1F3F33B729AC4E7E009C86DA /* SceneDelegate.m */,
				1F3F33B929AC4E7E009C86DA /* ViewController.h */,
				1F3F33BA29AC4E7E009C86DA /* ViewController.m */,
				1F8D064329BDEB600067B92F /* FirstDemoViewController.h */,
				1F8D064429BDEB600067B92F /* FirstDemoViewController.m */,
				1F8D064929BE02850067B92F /* SecondDemoViewController.h */,
				1F8D064A29BE02850067B92F /* SecondDemoViewController.m */,
				1F8D064C29BE06410067B92F /* ThirdDemoViewController.h */,
				1F8D064D29BE06410067B92F /* ThirdDemoViewController.m */,
				1F8D064F29BE13D40067B92F /* FourthDemoViewController.h */,
				1F8D065029BE13D40067B92F /* FourthDemoViewController.m */,
				1F8D064629BDEBE00067B92F /* ChildViewController.h */,
				1F8D064729BDEBE00067B92F /* ChildViewController.m */,
				1F3F33CF29AC4EA5009C86DA /* MyView.h */,
				1F3F33D029AC4EA5009C86DA /* MyView.m */,
				1F3F33BC29AC4E7E009C86DA /* Main.storyboard */,
				1F3F33BF29AC4E7F009C86DA /* Assets.xcassets */,
				1F3F33C129AC4E7F009C86DA /* LaunchScreen.storyboard */,
				1F3F33C429AC4E7F009C86DA /* Info.plist */,
				1F3F33C529AC4E7F009C86DA /* main.m */,
			);
			path = ResponderDemo;
			sourceTree = "<group>";
		};
/* End PBXGroup section */

/* Begin PBXNativeTarget section */
		1F3F33AF29AC4E7E009C86DA /* ResponderDemo */ = {
			isa = PBXNativeTarget;
			buildConfigurationList = 1F3F33C929AC4E7F009C86DA /* Build configuration list for PBXNativeTarget "ResponderDemo" */;
			buildPhases = (
				1F3F33AC29AC4E7E009C86DA /* Sources */,
				1F3F33AD29AC4E7E009C86DA /* Frameworks */,
				1F3F33AE29AC4E7E009C86DA /* Resources */,
			);
			buildRules = (
			);
			dependencies = (
			);
			name = ResponderDemo;
			productName = ResponderDemo;
			productReference = 1F3F33B029AC4E7E009C86DA /* ResponderDemo.app */;
			productType = "com.apple.product-type.application";
		};
/* End PBXNativeTarget section */

/* Begin PBXProject section */
		1F3F33A829AC4E7E009C86DA /* Project object */ = {
			isa = PBXProject;
			attributes = {
				BuildIndependentTargetsInParallel = 1;
				LastUpgradeCheck = 1420;
				TargetAttributes = {
					1F3F33AF29AC4E7E009C86DA = {
						CreatedOnToolsVersion = 14.2;
					};
				};
			};
			buildConfigurationList = 1F3F33AB29AC4E7E009C86DA /* Build configuration list for PBXProject "ResponderDemo" */;
			compatibilityVersion = "Xcode 14.0";
			developmentRegion = en;
			hasScannedForEncodings = 0;
			knownRegions = (
				en,
				Base,
			);
			mainGroup = 1F3F33A729AC4E7E009C86DA;
			productRefGroup = 1F3F33B129AC4E7E009C86DA /* Products */;
			projectDirPath = "";
			projectRoot = "";
			targets = (
				1F3F33AF29AC4E7E009C86DA /* ResponderDemo */,
			);
		};
/* End PBXProject section */

/* Begin PBXResourcesBuildPhase section */
		1F3F33AE29AC4E7E009C86DA /* Resources */ = {
			isa = PBXResourcesBuildPhase;
			buildActionMask = 2147483647;
			files = (
				1F3F33C329AC4E7F009C86DA /* LaunchScreen.storyboard in Resources */,
				1F3F33C029AC4E7F009C86DA /* Assets.xcassets in Resources */,
				1F3F33BE29AC4E7E009C86DA /* Main.storyboard in Resources */,
			);
			runOnlyForDeploymentPostprocessing = 0;
		};
/* End PBXResourcesBuildPhase section */

/* Begin PBXSourcesBuildPhase section */
		1F3F33AC29AC4E7E009C86DA /* Sources */ = {
			isa = PBXSourcesBuildPhase;
			buildActionMask = 2147483647;
			files = (
				1F3F33BB29AC4E7E009C86DA /* ViewController.m in Sources */,
				1F3F33B529AC4E7E009C86DA /* AppDelegate.m in Sources */,
				1F8D064E29BE06410067B92F /* ThirdDemoViewController.m in Sources */,
				1F8D064829BDEBE00067B92F /* ChildViewController.m in Sources */,
				1F8D064B29BE02850067B92F /* SecondDemoViewController.m in Sources */,
				1F3F33C629AC4E7F009C86DA /* main.m in Sources */,
				1F8D064529BDEB600067B92F /* FirstDemoViewController.m in Sources */,
				1F8D065129BE13D40067B92F /* FourthDemoViewController.m in Sources */,
				1F3F33B829AC4E7E009C86DA /* SceneDelegate.m in Sources */,
				1F3F33D129AC4EA5009C86DA /* MyView.m in Sources */,
			);
			runOnlyForDeploymentPostprocessing = 0;
		};
/* End PBXSourcesBuildPhase section */

/* Begin PBXVariantGroup section */
		1F3F33BC29AC4E7E009C86DA /* Main.storyboard */ = {
			isa = PBXVariantGroup;
			children = (
				1F3F33BD29AC4E7E009C86DA /* Base */,
			);
			name = Main.storyboard;
			sourceTree = "<group>";
		};
		1F3F33C129AC4E7F009C86DA /* LaunchScreen.storyboard */ = {
			isa = PBXVariantGroup;
			children = (
				1F3F33C229AC4E7F009C86DA /* Base */,
			);
			name = LaunchScreen.storyboard;
			sourceTree = "<group>";
		};
/* End PBXVariantGroup section */

/* Begin XCBuildConfiguration section */
		1F3F33C729AC4E7F009C86DA /* Debug */ = {
			isa = XCBuildConfiguration;
			buildSettings = {
				ALWAYS_SEARCH_USER_PATHS = NO;
				CLANG_ANALYZER_NONNULL = YES;
				CLANG_ANALYZER_NUMBER_OBJECT_CONVERSION = YES_AGGRESSIVE;
				CLANG_CXX_LANGUAGE_STANDARD = "gnu++20";
				CLANG_ENABLE_MODULES = YES;
				CLANG_ENABLE_OBJC_ARC = YES;
				CLANG_ENABLE_OBJC_WEAK = YES;
				CLANG_WARN_BLOCK_CAPTURE_AUTORELEASING = YES;
				CLANG_WARN_BOOL_CONVERSION = YES;
				CLANG_WARN_COMMA = YES;
				CLANG_WARN_CONSTANT_CONVERSION = YES;
				CLANG_WARN_DEPRECATED_OBJC_IMPLEMENTATIONS = YES;
				CLANG_WARN_DIRECT_OBJC_ISA_USAGE = YES_ERROR;
				CLANG_WARN_DOCUMENTATION_COMMENTS = YES;
				CLANG_WARN_EMPTY_BODY = YES;
				CLANG_WARN_ENUM_CONVERSION = YES;
				CLANG_WARN_INFINITE_RECURSION = YES;
				CLANG_WARN_INT_CONVERSION = YES;
				CLANG_WARN_NON_LITERAL_NULL_CONVERSION = YES;
				CLANG_WARN_OBJC_IMPLICIT_RETAIN_SELF = YES;
				CLANG_WARN_OBJC_LITERAL_CONVERSION = YES;
				CLANG_WARN_OBJC_ROOT_CLASS = YES_ERROR;
				CLANG_WARN_QUOTED_INCLUDE_IN_FRAMEWORK_HEADER = YES;
				CLANG_WARN_RANGE_LOOP_ANALYSIS = YES;
				CLANG_WARN_STRICT_PROTOTYPES = YES;
				CLANG_WARN_SUSPICIOUS_MOVE = YES;
				CLANG_WARN_UNGUARDED_AVAILABILITY = YES_AGGRESSIVE;
				CLANG_WARN_UNREACHABLE_CODE = YES;
				CLANG_WARN__DUPLICATE_METHOD_MATCH = YES;
				COPY_PHASE_STRIP = NO;
				DEBUG_INFORMATION_FORMAT = dwarf;
				ENABLE_STRICT_OBJC_MSGSEND = YES;
				ENABLE_TESTABILITY = YES;
				GCC_C_LANGUAGE_STANDARD = gnu11;
				GCC_DYNAMIC_NO_PIC = NO;
				GCC_NO_COMMON_BLOCKS = YES;
				GCC_OPTIMIZATION_LEVEL = 0;
				GCC_PREPROCESSOR_DEFINITIONS = (
					"DEBUG=1",
					"$(inherited)",
				);
				GCC_WARN_64_TO_32_BIT_CONVERSION = YES;
				GCC_WARN_ABOUT_RETURN_TYPE = YES_ERROR;
				GCC_WARN_UNDECLARED_SELECTOR = YES;
				GCC_WARN_UNINITIALIZED_AUTOS = YES_AGGRESSIVE;
				GCC_WARN_UNUSED_FUNCTION = YES;
				GCC_WARN_UNUSED_VARIABLE = YES;
				IPHONEOS_DEPLOYMENT_TARGET = 16.2;
				MTL_ENABLE_DEBUG_INFO = INCLUDE_SOURCE;
				MTL_FAST_MATH = YES;
				ONLY_ACTIVE_ARCH = YES;
				SDKROOT = iphoneos;
			};
			name = Debug;
		};
		1F3F33C829AC4E7F009C86DA /* Release */ = {
			isa = XCBuildConfiguration;
			buildSettings = {
				ALWAYS_SEARCH_USER_PATHS = NO;
				CLANG_ANALYZER_NONNULL = YES;
				CLANG_ANALYZER_NUMBER_OBJECT_CONVERSION = YES_AGGRESSIVE;
				CLANG_CXX_LANGUAGE_STANDARD = "gnu++20";
				CLANG_ENABLE_MODULES = YES;
				CLANG_ENABLE_OBJC_ARC = YES;
				CLANG_ENABLE_OBJC_WEAK = YES;
				CLANG_WARN_BLOCK_CAPTURE_AUTORELEASING = YES;
				CLANG_WARN_BOOL_CONVERSION = YES;
				CLANG_WARN_COMMA = YES;
				CLANG_WARN_CONSTANT_CONVERSION = YES;
				CLANG_WARN_DEPRECATED_OBJC_IMPLEMENTATIONS = YES;
				CLANG_WARN_DIRECT_OBJC_ISA_USAGE = YES_ERROR;
				CLANG_WARN_DOCUMENTATION_COMMENTS = YES;
				CLANG_WARN_EMPTY_BODY = YES;
				CLANG_WARN_ENUM_CONVERSION = YES;
				CLANG_WARN_INFINITE_RECURSION = YES;
				CLANG_WARN_INT_CONVERSION = YES;
				CLANG_WARN_NON_LITERAL_NULL_CONVERSION = YES;
				CLANG_WARN_OBJC_IMPLICIT_RETAIN_SELF = YES;
				CLANG_WARN_OBJC_LITERAL_CONVERSION = YES;
				CLANG_WARN_OBJC_ROOT_CLASS = YES_ERROR;
				CLANG_WARN_QUOTED_INCLUDE_IN_FRAMEWORK_HEADER = YES;
				CLANG_WARN_RANGE_LOOP_ANALYSIS = YES;
				CLANG_WARN_STRICT_PROTOTYPES = YES;
				CLANG_WARN_SUSPICIOUS_MOVE = YES;
				CLANG_WARN_UNGUARDED_AVAILABILITY = YES_AGGRESSIVE;
				CLANG_WARN_UNREACHABLE_CODE = YES;
				CLANG_WARN__DUPLICATE_METHOD_MATCH = YES;
				COPY_PHASE_STRIP = NO;
				DEBUG_INFORMATION_FORMAT = "dwarf-with-dsym";
				ENABLE_NS_ASSERTIONS = NO;
				ENABLE_STRICT_OBJC_MSGSEND = YES;
				GCC_C_LANGUAGE_STANDARD = gnu11;
				GCC_NO_COMMON_BLOCKS = YES;
				GCC_WARN_64_TO_32_BIT_CONVERSION = YES;
				GCC_WARN_ABOUT_RETURN_TYPE = YES_ERROR;
				GCC_WARN_UNDECLARED_SELECTOR = YES;
				GCC_WARN_UNINITIALIZED_AUTOS = YES_AGGRESSIVE;
				GCC_WARN_UNUSED_FUNCTION = YES;
				GCC_WARN_UNUSED_VARIABLE = YES;
				IPHONEOS_DEPLOYMENT_TARGET = 16.2;
				MTL_ENABLE_DEBUG_INFO = NO;
				MTL_FAST_MATH = YES;
				SDKROOT = iphoneos;
				VALIDATE_PRODUCT = YES;
			};
			name = Release;
		};
		1F3F33CA29AC4E7F009C86DA /* Debug */ = {
			isa = XCBuildConfiguration;
			buildSettings = {
				ASSETCATALOG_COMPILER_APPICON_NAME = AppIcon;
				ASSETCATALOG_COMPILER_GLOBAL_ACCENT_COLOR_NAME = AccentColor;
				CODE_SIGN_STYLE = Automatic;
				CURRENT_PROJECT_VERSION = 1;
				DEVELOPMENT_TEAM = 66WN8XH78C;
				GENERATE_INFOPLIST_FILE = YES;
				INFOPLIST_FILE = ResponderDemo/Info.plist;
				INFOPLIST_KEY_UIApplicationSupportsIndirectInputEvents = YES;
				INFOPLIST_KEY_UILaunchStoryboardName = LaunchScreen;
				INFOPLIST_KEY_UIMainStoryboardFile = Main;
				INFOPLIST_KEY_UISupportedInterfaceOrientations_iPad = "UIInterfaceOrientationPortrait UIInterfaceOrientationPortraitUpsideDown UIInterfaceOrientationLandscapeLeft UIInterfaceOrientationLandscapeRight";
				INFOPLIST_KEY_UISupportedInterfaceOrientations_iPhone = "UIInterfaceOrientationPortrait UIInterfaceOrientationLandscapeLeft UIInterfaceOrientationLandscapeRight";
				LD_RUNPATH_SEARCH_PATHS = (
					"$(inherited)",
					"@executable_path/Frameworks",
				);
				MARKETING_VERSION = 1.0;
				PRODUCT_BUNDLE_IDENTIFIER = com.liuyue.ResponderDemo;
				PRODUCT_NAME = "$(TARGET_NAME)";
				SWIFT_EMIT_LOC_STRINGS = YES;
				TARGETED_DEVICE_FAMILY = "1,2";
			};
			name = Debug;
		};
		1F3F33CB29AC4E7F009C86DA /* Release */ = {
			isa = XCBuildConfiguration;
			buildSettings = {
				ASSETCATALOG_COMPILER_APPICON_NAME = AppIcon;
				ASSETCATALOG_COMPILER_GLOBAL_ACCENT_COLOR_NAME = AccentColor;
				CODE_SIGN_STYLE = Automatic;
				CURRENT_PROJECT_VERSION = 1;
				DEVELOPMENT_TEAM = 66WN8XH78C;
				GENERATE_INFOPLIST_FILE = YES;
				INFOPLIST_FILE = ResponderDemo/Info.plist;
				INFOPLIST_KEY_UIApplicationSupportsIndirectInputEvents = YES;
				INFOPLIST_KEY_UILaunchStoryboardName = LaunchScreen;
				INFOPLIST_KEY_UIMainStoryboardFile = Main;
				INFOPLIST_KEY_UISupportedInterfaceOrientations_iPad = "UIInterfaceOrientationPortrait UIInterfaceOrientationPortraitUpsideDown UIInterfaceOrientationLandscapeLeft UIInterfaceOrientationLandscapeRight";
				INFOPLIST_KEY_UISupportedInterfaceOrientations_iPhone = "UIInterfaceOrientationPortrait UIInterfaceOrientationLandscapeLeft UIInterfaceOrientationLandscapeRight";
				LD_RUNPATH_SEARCH_PATHS = (
					"$(inherited)",
					"@executable_path/Frameworks",
				);
				MARKETING_VERSION = 1.0;
				PRODUCT_BUNDLE_IDENTIFIER = com.liuyue.ResponderDemo;
				PRODUCT_NAME = "$(TARGET_NAME)";
				SWIFT_EMIT_LOC_STRINGS = YES;
				TARGETED_DEVICE_FAMILY = "1,2";
			};
			name = Release;
		};
/* End XCBuildConfiguration section */

/* Begin XCConfigurationList section */
		1F3F33AB29AC4E7E009C86DA /* Build configuration list for PBXProject "ResponderDemo" */ = {
			isa = XCConfigurationList;
			buildConfigurations = (
				1F3F33C729AC4E7F009C86DA /* Debug */,
				1F3F33C829AC4E7F009C86DA /* Release */,
			);
			defaultConfigurationIsVisible = 0;
			defaultConfigurationName = Release;
		};
		1F3F33C929AC4E7F009C86DA /* Build configuration list for PBXNativeTarget "ResponderDemo" */ = {
			isa = XCConfigurationList;
			buildConfigurations = (
				1F3F33CA29AC4E7F009C86DA /* Debug */,
				1F3F33CB29AC4E7F009C86DA /* Release */,
			);
			defaultConfigurationIsVisible = 0;
			defaultConfigurationName = Release;
		};
/* End XCConfigurationList section */
	};
	rootObject = 1F3F33A829AC4E7E009C86DA /* Project object */;
}
